
Microsoft Visual Studio Solution File, Format Version 12.00
# Visual Studio Version 17
VisualStudioVersion = 17.2.32630.192
MinimumVisualStudioVersion = 10.0.40219.1
Project("{FAE04EC0-301F-11D3-BF4B-00C04F79EFBC}") = "Snake2", "Snake2.csproj", "{30B93834-ACA9-4C9C-84D0-99D87C386847}"
EndProject
Global
	GlobalSection(SolutionConfigurationPlatforms) = preSolution
		Debug|Any CPU = Debug|Any CPU
		Release|Any CPU = Release|Any CPU
	EndGlobalSection
	GlobalSection(ProjectConfigurationPlatforms) = postSolution
		{30B93834-ACA9-4C9C-84D0-99D87C386847}.Debug|Any CPU.ActiveCfg = Debug|Any CPU
		{30B93834-ACA9-4C9C-84D0-99D87C386847}.Debug|Any CPU.Build.0 = Debug|Any CPU
		{30B93834-ACA9-4C9C-84D0-99D87C386847}.Release|Any CPU.ActiveCfg = Release|Any CPU
		{30B93834-ACA9-4C9C-84D0-99D87C386847}.Release|Any CPU.Build.0 = Release|Any CPU
	EndGlobalSection
	GlobalSection(SolutionProperties) = preSolution
		HideSolutionNode = FALSE
	EndGlobalSection
	GlobalSection(ExtensibilityGlobals) = postSolution
		SolutionGuid = {22585046-70A3-4B8F-9644-BB6AC179B53E}
	EndGlobalSection
EndGlobal
